
Microsoft Visual Studio Solution File, Format Version 12.00
# Visual Studio Version 17
VisualStudioVersion = 17.10.35004.147
MinimumVisualStudioVersion = 10.0.40219.1
Project("{FAE04EC0-301F-11D3-BF4B-00C04F79EFBC}") = "B05ASPC08_w01", "B05ASPC08_w01\B05ASPC08_w01.csproj", "{536C6FA1-0CEF-4A0C-808F-24503B172E7B}"
EndProject
Global
	GlobalSection(SolutionConfigurationPlatforms) = preSolution
		Debug|Any CPU = Debug|Any CPU
		Release|Any CPU = Release|Any CPU
	EndGlobalSection
	GlobalSection(ProjectConfigurationPlatforms) = postSolution
		{536C6FA1-0CEF-4A0C-808F-24503B172E7B}.Debug|Any CPU.ActiveCfg = Debug|Any CPU
		{536C6FA1-0CEF-4A0C-808F-24503B172E7B}.Debug|Any CPU.Build.0 = Debug|Any CPU
		{536C6FA1-0CEF-4A0C-808F-24503B172E7B}.Release|Any CPU.ActiveCfg = Release|Any CPU
		{536C6FA1-0CEF-4A0C-808F-24503B172E7B}.Release|Any CPU.Build.0 = Release|Any CPU
	EndGlobalSection
	GlobalSection(SolutionProperties) = preSolution
		HideSolutionNode = FALSE
	EndGlobalSection
	GlobalSection(ExtensibilityGlobals) = postSolution
		SolutionGuid = {E1253E57-4021-4CA3-BF07-F7ED5822F7B2}
	EndGlobalSection
EndGlobal
